
Microsoft Visual Studio Solution File, Format Version 12.00
# Visual Studio Version 16
VisualStudioVersion = 16.0.29613.14
MinimumVisualStudioVersion = 10.0.40219.1
Project("{FAE04EC0-301F-11D3-BF4B-00C04F79EFBC}") = "LiberarySystem", "LiberarySystem\LiberarySystem.csproj", "{8C0031D9-6E08-4CDE-A8FA-695B5F12DD0C}"
EndProject
Global
	GlobalSection(SolutionConfigurationPlatforms) = preSolution
		Debug|Any CPU = Debug|Any CPU
		Release|Any CPU = Release|Any CPU
	EndGlobalSection
	GlobalSection(ProjectConfigurationPlatforms) = postSolution
		{8C0031D9-6E08-4CDE-A8FA-695B5F12DD0C}.Debug|Any CPU.ActiveCfg = Debug|Any CPU
		{8C0031D9-6E08-4CDE-A8FA-695B5F12DD0C}.Debug|Any CPU.Build.0 = Debug|Any CPU
		{8C0031D9-6E08-4CDE-A8FA-695B5F12DD0C}.Release|Any CPU.ActiveCfg = Release|Any CPU
		{8C0031D9-6E08-4CDE-A8FA-695B5F12DD0C}.Release|Any CPU.Build.0 = Release|Any CPU
	EndGlobalSection
	GlobalSection(SolutionProperties) = preSolution
		HideSolutionNode = FALSE
	EndGlobalSection
	GlobalSection(ExtensibilityGlobals) = postSolution
		SolutionGuid = {B3262F90-ED1E-497B-88DD-21BE26D691CE}
	EndGlobalSection
EndGlobal
